
Microsoft Visual Studio Solution File, Format Version 12.00
# Visual Studio Version 16
VisualStudioVersion = 16.0.30320.27
MinimumVisualStudioVersion = 10.0.40219.1
Project("{FAE04EC0-301F-11D3-BF4B-00C04F79EFBC}") = "BitcubeEval", "BitcubeEval\BitcubeEval.csproj", "{D8F52488-3A06-4C34-8BBD-EA940A11AC1D}"
EndProject
Global
	GlobalSection(SolutionConfigurationPlatforms) = preSolution
		Debug|Any CPU = Debug|Any CPU
		Release|Any CPU = Release|Any CPU
	EndGlobalSection
	GlobalSection(ProjectConfigurationPlatforms) = postSolution
		{D8F52488-3A06-4C34-8BBD-EA940A11AC1D}.Debug|Any CPU.ActiveCfg = Debug|Any CPU
		{D8F52488-3A06-4C34-8BBD-EA940A11AC1D}.Debug|Any CPU.Build.0 = Debug|Any CPU
		{D8F52488-3A06-4C34-8BBD-EA940A11AC1D}.Release|Any CPU.ActiveCfg = Release|Any CPU
		{D8F52488-3A06-4C34-8BBD-EA940A11AC1D}.Release|Any CPU.Build.0 = Release|Any CPU
	EndGlobalSection
	GlobalSection(SolutionProperties) = preSolution
		HideSolutionNode = FALSE
	EndGlobalSection
	GlobalSection(ExtensibilityGlobals) = postSolution
		SolutionGuid = {C5E4A90E-0239-483D-9252-8A82C814550E}
	EndGlobalSection
EndGlobal
